// !$*UTF8*$!
{
	archiveVersion = 1;
	classes = {
	};
	objectVersion = 46;
	objects = {

/* Begin PBXBuildFile section */
		CE42A3E11C74167F00E85264 /* main.m in Sources */ = {isa = PBXBuildFile; fileRef = CE42A3E01C74167F00E85264 /* main.m */; };
		CE42A3E41C74167F00E85264 /* AppDelegate.m in Sources */ = {isa = PBXBuildFile; fileRef = CE42A3E31C74167F00E85264 /* AppDelegate.m */; };
		CE42A3E71C74167F00E85264 /* ViewController.m in Sources */ = {isa = PBXBuildFile; fileRef = CE42A3E61C74167F00E85264 /* ViewController.m */; };
		CE42A3EA1C74167F00E85264 /* Main.storyboard in Resources */ = {isa = PBXBuildFile; fileRef = CE42A3E81C74167F00E85264 /* Main.storyboard */; };
		CE42A3EC1C74167F00E85264 /* Assets.xcassets in Resources */ = {isa = PBXBuildFile; fileRef = CE42A3EB1C74167F00E85264 /* Assets.xcassets */; };
		CE42A3EF1C74167F00E85264 /* LaunchScreen.storyboard in Resources */ = {isa = PBXBuildFile; fileRef = CE42A3ED1C74167F00E85264 /* LaunchScreen.storyboard */; };
		CE42A3FA1C74167F00E85264 /* TestTravisCITests.m in Sources */ = {isa = PBXBuildFile; fileRef = CE42A3F91C74167F00E85264 /* TestTravisCITests.m */; };
		CE42A4051C74167F00E85264 /* TestTravisCIUITests.m in Sources */ = {isa = PBXBuildFile; fileRef = CE42A4041C74167F00E85264 /* TestTravisCIUITests.m */; };
/* End PBXBuildFile section */

/* Begin PBXContainerItemProxy section */
		CE42A3F61C74167F00E85264 /* PBXContainerItemProxy */ = {
			isa = PBXContainerItemProxy;
			containerPortal = CE42A3D41C74167E00E85264 /* Project object */;
			proxyType = 1;
			remoteGlobalIDString = CE42A3DB1C74167E00E85264;
			remoteInfo = TestTravisCI;
		};
		CE42A4011C74167F00E85264 /* PBXContainerItemProxy */ = {
			isa = PBXContainerItemProxy;
			containerPortal = CE42A3D41C74167E00E85264 /* Project object */;
			proxyType = 1;
			remoteGlobalIDString = CE42A3DB1C74167E00E85264;
			remoteInfo = TestTravisCI;
		};
/* End PBXContainerItemProxy section */

/* Begin PBXFileReference section */
		CE42A3DC1C74167E00E85264 /* TestTravisCI.app */ = {isa = PBXFileReference; explicitFileType = wrapper.application; includeInIndex = 0; path = TestTravisCI.app; sourceTree = BUILT_PRODUCTS_DIR; };
		CE42A3E01C74167F00E85264 /* main.m */ = {isa = PBXFileReference; lastKnownFileType = sourcecode.c.objc; path = main.m; sourceTree = "<group>"; };
		CE42A3E21C74167F00E85264 /* AppDelegate.h */ = {isa = PBXFileReference; lastKnownFileType = sourcecode.c.h; path = AppDelegate.h; sourceTree = "<group>"; };
		CE42A3E31C74167F00E85264 /* AppDelegate.m */ = {isa = PBXFileReference; lastKnownFileType = sourcecode.c.objc; path = AppDelegate.m; sourceTree = "<group>"; };
		CE42A3E51C74167F00E85264 /* ViewController.h */ = {isa = PBXFileReference; lastKnownFileType = sourcecode.c.h; path = ViewController.h; sourceTree = "<group>"; };
		CE42A3E61C74167F00E85264 /* ViewController.m */ = {isa = PBXFileReference; lastKnownFileType = sourcecode.c.objc; path = ViewController.m; sourceTree = "<group>"; };
		CE42A3E91C74167F00E85264 /* Base */ = {isa = PBXFileReference; lastKnownFileType = file.storyboard; name = Base; path = Base.lproj/Main.storyboard; sourceTree = "<group>"; };
		CE42A3EB1C74167F00E85264 /* Assets.xcassets */ = {isa = PBXFileReference; lastKnownFileType = folder.assetcatalog; path = Assets.xcassets; sourceTree = "<group>"; };
		CE42A3EE1C74167F00E85264 /* Base */ = {isa = PBXFileReference; lastKnownFileType = file.storyboard; name = Base; path = Base.lproj/LaunchScreen.storyboard; sourceTree = "<group>"; };
		CE42A3F01C74167F00E85264 /* Info.plist */ = {isa = PBXFileReference; lastKnownFileType = text.plist.xml; path = Info.plist; sourceTree = "<group>"; };
		CE42A3F51C74167F00E85264 /* TestTravisCITests.xctest */ = {isa = PBXFileReference; explicitFileType = wrapper.cfbundle; includeInIndex = 0; path = TestTravisCITests.xctest; sourceTree = BUILT_PRODUCTS_DIR; };
		CE42A3F91C74167F00E85264 /* TestTravisCITests.m */ = {isa = PBXFileReference; lastKnownFileType = sourcecode.c.objc; path = TestTravisCITests.m; sourceTree = "<group>"; };
		CE42A3FB1C74167F00E85264 /* Info.plist */ = {isa = PBXFileReference; lastKnownFileType = text.plist.xml; path = Info.plist; sourceTree = "<group>"; };
		CE42A4001C74167F00E85264 /* TestTravisCIUITests.xctest */ = {isa = PBXFileReference; explicitFileType = wrapper.cfbundle; includeInIndex = 0; path = TestTravisCIUITests.xctest; sourceTree = BUILT_PRODUCTS_DIR; };
		CE42A4041C74167F00E85264 /* TestTravisCIUITests.m */ = {isa = PBXFileReference; lastKnownFileType = sourcecode.c.objc; path = TestTravisCIUITests.m; sourceTree = "<group>"; };
		CE42A4061C74167F00E85264 /* Info.plist */ = {isa = PBXFileReference; lastKnownFileType = text.plist.xml; path = Info.plist; sourceTree = "<group>"; };
		CE42A4121C741E3E00E85264 /* PrefixHeader.pch */ = {isa = PBXFileReference; lastKnownFileType = sourcecode.c.h; path = PrefixHeader.pch; sourceTree = "<group>"; };
/* End PBXFileReference section */

/* Begin PBXFrameworksBuildPhase section */
		CE42A3D91C74167E00E85264 /* Frameworks */ = {
			isa = PBXFrameworksBuildPhase;
			buildActionMask = 2147483647;
			files = (
			);
			runOnlyForDeploymentPostprocessing = 0;
		};
		CE42A3F21C74167F00E85264 /* Frameworks */ = {
			isa = PBXFrameworksBuildPhase;
			buildActionMask = 2147483647;
			files = (
			);
			runOnlyForDeploymentPostprocessing = 0;
		};
		CE42A3FD1C74167F00E85264 /* Frameworks */ = {
			isa = PBXFrameworksBuildPhase;
			buildActionMask = 2147483647;
			files = (
			);
			runOnlyForDeploymentPostprocessing = 0;
		};
/* End PBXFrameworksBuildPhase section */

/* Begin PBXGroup section */
		CE42A3D31C74167E00E85264 = {
			isa = PBXGroup;
			children = (
				CE42A3DE1C74167F00E85264 /* TestTravisCI */,
				CE42A3F81C74167F00E85264 /* TestTravisCITests */,
				CE42A4031C74167F00E85264 /* TestTravisCIUITests */,
				CE42A3DD1C74167E00E85264 /* Products */,
			);
			sourceTree = "<group>";
		};
		CE42A3DD1C74167E00E85264 /* Products */ = {
			isa = PBXGroup;
			children = (
				CE42A3DC1C74167E00E85264 /* TestTravisCI.app */,
				CE42A3F51C74167F00E85264 /* TestTravisCITests.xctest */,
				CE42A4001C74167F00E85264 /* TestTravisCIUITests.xctest */,
			);
			name = Products;
			sourceTree = "<group>";
		};
		CE42A3DE1C74167F00E85264 /* TestTravisCI */ = {
			isa = PBXGroup;
			children = (
				CE42A3E21C74167F00E85264 /* AppDelegate.h */,
				CE42A3E31C74167F00E85264 /* AppDelegate.m */,
				CE42A3E51C74167F00E85264 /* ViewController.h */,
				CE42A3E61C74167F00E85264 /* ViewController.m */,
				CE42A4121C741E3E00E85264 /* PrefixHeader.pch */,
				CE42A3E81C74167F00E85264 /* Main.storyboard */,
				CE42A3EB1C74167F00E85264 /* Assets.xcassets */,
				CE42A3ED1C74167F00E85264 /* LaunchScreen.storyboard */,
				CE42A3F01C74167F00E85264 /* Info.plist */,
				CE42A3DF1C74167F00E85264 /* Supporting Files */,
			);
			path = TestTravisCI;
			sourceTree = "<group>";
		};
		CE42A3DF1C74167F00E85264 /* Supporting Files */ = {
			isa = PBXGroup;
			children = (
				CE42A3E01C74167F00E85264 /* main.m */,
			);
			name = "Supporting Files";
			sourceTree = "<group>";
		};
		CE42A3F81C74167F00E85264 /* TestTravisCITests */ = {
			isa = PBXGroup;
			children = (
				CE42A3F91C74167F00E85264 /* TestTravisCITests.m */,
				CE42A3FB1C74167F00E85264 /* Info.plist */,
			);
			path = TestTravisCITests;
			sourceTree = "<group>";
		};
		CE42A4031C74167F00E85264 /* TestTravisCIUITests */ = {
			isa = PBXGroup;
			children = (
				CE42A4041C74167F00E85264 /* TestTravisCIUITests.m */,
				CE42A4061C74167F00E85264 /* Info.plist */,
			);
			path = TestTravisCIUITests;
			sourceTree = "<group>";
		};
/* End PBXGroup section */

/* Begin PBXNativeTarget section */
		CE42A3DB1C74167E00E85264 /* TestTravisCI */ = {
			isa = PBXNativeTarget;
			buildConfigurationList = CE42A4091C74167F00E85264 /* Build configuration list for PBXNativeTarget "TestTravisCI" */;
			buildPhases = (
				CE42A3D81C74167E00E85264 /* Sources */,
				CE42A3D91C74167E00E85264 /* Frameworks */,
				CE42A3DA1C74167E00E85264 /* Resources */,
			);
			buildRules = (
			);
			dependencies = (
			);
			name = TestTravisCI;
			productName = TestTravisCI;
			productReference = CE42A3DC1C74167E00E85264 /* TestTravisCI.app */;
			productType = "com.apple.product-type.application";
		};
		CE42A3F41C74167F00E85264 /* TestTravisCITests */ = {
			isa = PBXNativeTarget;
			buildConfigurationList = CE42A40C1C74167F00E85264 /* Build configuration list for PBXNativeTarget "TestTravisCITests" */;
			buildPhases = (
				CE42A3F11C74167F00E85264 /* Sources */,
				CE42A3F21C74167F00E85264 /* Frameworks */,
				CE42A3F31C74167F00E85264 /* Resources */,
			);
			buildRules = (
			);
			dependencies = (
				CE42A3F71C74167F00E85264 /* PBXTargetDependency */,
			);
			name = TestTravisCITests;
			productName = TestTravisCITests;
			productReference = CE42A3F51C74167F00E85264 /* TestTravisCITests.xctest */;
			productType = "com.apple.product-type.bundle.unit-test";
		};
		CE42A3FF1C74167F00E85264 /* TestTravisCIUITests */ = {
			isa = PBXNativeTarget;
			buildConfigurationList = CE42A40F1C74167F00E85264 /* Build configuration list for PBXNativeTarget "TestTravisCIUITests" */;
			buildPhases = (
				CE42A3FC1C74167F00E85264 /* Sources */,
				CE42A3FD1C74167F00E85264 /* Frameworks */,
				CE42A3FE1C74167F00E85264 /* Resources */,
			);
			buildRules = (
			);
			dependencies = (
				CE42A4021C74167F00E85264 /* PBXTargetDependency */,
			);
			name = TestTravisCIUITests;
			productName = TestTravisCIUITests;
			productReference = CE42A4001C74167F00E85264 /* TestTravisCIUITests.xctest */;
			productType = "com.apple.product-type.bundle.ui-testing";
		};
/* End PBXNativeTarget section */

/* Begin PBXProject section */
		CE42A3D41C74167E00E85264 /* Project object */ = {
			isa = PBXProject;
			attributes = {
				LastUpgradeCheck = 0720;
				ORGANIZATIONNAME = FarTeen;
				TargetAttributes = {
					CE42A3DB1C74167E00E85264 = {
						CreatedOnToolsVersion = 7.2;
					};
					CE42A3F41C74167F00E85264 = {
						CreatedOnToolsVersion = 7.2;
						TestTargetID = CE42A3DB1C74167E00E85264;
					};
					CE42A3FF1C74167F00E85264 = {
						CreatedOnToolsVersion = 7.2;
						TestTargetID = CE42A3DB1C74167E00E85264;
					};
				};
			};
			buildConfigurationList = CE42A3D71C74167E00E85264 /* Build configuration list for PBXProject "TestTravisCI" */;
			compatibilityVersion = "Xcode 3.2";
			developmentRegion = English;
			hasScannedForEncodings = 0;
			knownRegions = (
				en,
				Base,
			);
			mainGroup = CE42A3D31C74167E00E85264;
			productRefGroup = CE42A3DD1C74167E00E85264 /* Products */;
			projectDirPath = "";
			projectRoot = "";
			targets = (
				CE42A3DB1C74167E00E85264 /* TestTravisCI */,
				CE42A3F41C74167F00E85264 /* TestTravisCITests */,
				CE42A3FF1C74167F00E85264 /* TestTravisCIUITests */,
			);
		};
/* End PBXProject section */

/* Begin PBXResourcesBuildPhase section */
		CE42A3DA1C74167E00E85264 /* Resources */ = {
			isa = PBXResourcesBuildPhase;
			buildActionMask = 2147483647;
			files = (
				CE42A3EF1C74167F00E85264 /* LaunchScreen.storyboard in Resources */,
				CE42A3EC1C74167F00E85264 /* Assets.xcassets in Resources */,
				CE42A3EA1C74167F00E85264 /* Main.storyboard in Resources */,
			);
			runOnlyForDeploymentPostprocessing = 0;
		};
		CE42A3F31C74167F00E85264 /* Resources */ = {
			isa = PBXResourcesBuildPhase;
			buildActionMask = 2147483647;
			files = (
			);
			runOnlyForDeploymentPostprocessing = 0;
		};
		CE42A3FE1C74167F00E85264 /* Resources */ = {
			isa = PBXResourcesBuildPhase;
			buildActionMask = 2147483647;
			files = (
			);
			runOnlyForDeploymentPostprocessing = 0;
		};
/* End PBXResourcesBuildPhase section */

/* Begin PBXSourcesBuildPhase section */
		CE42A3D81C74167E00E85264 /* Sources */ = {
			isa = PBXSourcesBuildPhase;
			buildActionMask = 2147483647;
			files = (
				CE42A3E71C74167F00E85264 /* ViewController.m in Sources */,
				CE42A3E41C74167F00E85264 /* AppDelegate.m in Sources */,
				CE42A3E11C74167F00E85264 /* main.m in Sources */,
			);
			runOnlyForDeploymentPostprocessing = 0;
		};
		CE42A3F11C74167F00E85264 /* Sources */ = {
			isa = PBXSourcesBuildPhase;
			buildActionMask = 2147483647;
			files = (
				CE42A3FA1C74167F00E85264 /* TestTravisCITests.m in Sources */,
			);
			runOnlyForDeploymentPostprocessing = 0;
		};
		CE42A3FC1C74167F00E85264 /* Sources */ = {
			isa = PBXSourcesBuildPhase;
			buildActionMask = 2147483647;
			files = (
				CE42A4051C74167F00E85264 /* TestTravisCIUITests.m in Sources */,
			);
			runOnlyForDeploymentPostprocessing = 0;
		};
/* End PBXSourcesBuildPhase section */

/* Begin PBXTargetDependency section */
		CE42A3F71C74167F00E85264 /* PBXTargetDependency */ = {
			isa = PBXTargetDependency;
			target = CE42A3DB1C74167E00E85264 /* TestTravisCI */;
			targetProxy = CE42A3F61C74167F00E85264 /* PBXContainerItemProxy */;
		};
		CE42A4021C74167F00E85264 /* PBXTargetDependency */ = {
			isa = PBXTargetDependency;
			target = CE42A3DB1C74167E00E85264 /* TestTravisCI */;
			targetProxy = CE42A4011C74167F00E85264 /* PBXContainerItemProxy */;
		};
/* End PBXTargetDependency section */

/* Begin PBXVariantGroup section */
		CE42A3E81C74167F00E85264 /* Main.storyboard */ = {
			isa = PBXVariantGroup;
			children = (
				CE42A3E91C74167F00E85264 /* Base */,
			);
			name = Main.storyboard;
			sourceTree = "<group>";
		};
		CE42A3ED1C74167F00E85264 /* LaunchScreen.storyboard */ = {
			isa = PBXVariantGroup;
			children = (
				CE42A3EE1C74167F00E85264 /* Base */,
			);
			name = LaunchScreen.storyboard;
			sourceTree = "<group>";
		};
/* End PBXVariantGroup section */

/* Begin XCBuildConfiguration section */
		CE42A4071C74167F00E85264 /* Debug */ = {
			isa = XCBuildConfiguration;
			buildSettings = {
				ALWAYS_SEARCH_USER_PATHS = NO;
				CLANG_CXX_LANGUAGE_STANDARD = "gnu++0x";
				CLANG_CXX_LIBRARY = "libc++";
				CLANG_ENABLE_MODULES = YES;
				CLANG_ENABLE_OBJC_ARC = YES;
				CLANG_WARN_BOOL_CONVERSION = YES;
				CLANG_WARN_CONSTANT_CONVERSION = YES;
				CLANG_WARN_DIRECT_OBJC_ISA_USAGE = YES_ERROR;
				CLANG_WARN_EMPTY_BODY = YES;
				CLANG_WARN_ENUM_CONVERSION = YES;
				CLANG_WARN_INT_CONVERSION = YES;
				CLANG_WARN_OBJC_ROOT_CLASS = YES_ERROR;
				CLANG_WARN_UNREACHABLE_CODE = YES;
				CLANG_WARN__DUPLICATE_METHOD_MATCH = YES;
				"CODE_SIGN_IDENTITY[sdk=iphoneos*]" = "iPhone Developer";
				COPY_PHASE_STRIP = NO;
				DEBUG_INFORMATION_FORMAT = dwarf;
				ENABLE_STRICT_OBJC_MSGSEND = YES;
				ENABLE_TESTABILITY = YES;
				GCC_C_LANGUAGE_STANDARD = gnu99;
				GCC_DYNAMIC_NO_PIC = NO;
				GCC_NO_COMMON_BLOCKS = YES;
				GCC_OPTIMIZATION_LEVEL = 0;
				GCC_PREPROCESSOR_DEFINITIONS = (
					"DEBUG=1",
					"$(inherited)",
				);
				GCC_WARN_64_TO_32_BIT_CONVERSION = YES;
				GCC_WARN_ABOUT_RETURN_TYPE = YES_ERROR;
				GCC_WARN_UNDECLARED_SELECTOR = YES;
				GCC_WARN_UNINITIALIZED_AUTOS = YES_AGGRESSIVE;
				GCC_WARN_UNUSED_FUNCTION = YES;
				GCC_WARN_UNUSED_VARIABLE = YES;
				IPHONEOS_DEPLOYMENT_TARGET = 9.2;
				MTL_ENABLE_DEBUG_INFO = YES;
				ONLY_ACTIVE_ARCH = YES;
				SDKROOT = iphoneos;
				TARGETED_DEVICE_FAMILY = "1,2";
			};
			name = Debug;
		};
		CE42A4081C74167F00E85264 /* Release */ = {
			isa = XCBuildConfiguration;
			buildSettings = {
				ALWAYS_SEARCH_USER_PATHS = NO;
				CLANG_CXX_LANGUAGE_STANDARD = "gnu++0x";
				CLANG_CXX_LIBRARY = "libc++";
				CLANG_ENABLE_MODULES = YES;
				CLANG_ENABLE_OBJC_ARC = YES;
				CLANG_WARN_BOOL_CONVERSION = YES;
				CLANG_WARN_CONSTANT_CONVERSION = YES;
				CLANG_WARN_DIRECT_OBJC_ISA_USAGE = YES_ERROR;
				CLANG_WARN_EMPTY_BODY = YES;
				CLANG_WARN_ENUM_CONVERSION = YES;
				CLANG_WARN_INT_CONVERSION = YES;
				CLANG_WARN_OBJC_ROOT_CLASS = YES_ERROR;
				CLANG_WARN_UNREACHABLE_CODE = YES;
				CLANG_WARN__DUPLICATE_METHOD_MATCH = YES;
				"CODE_SIGN_IDENTITY[sdk=iphoneos*]" = "iPhone Developer";
				COPY_PHASE_STRIP = NO;
				DEBUG_INFORMATION_FORMAT = "dwarf-with-dsym";
				ENABLE_NS_ASSERTIONS = NO;
				ENABLE_STRICT_OBJC_MSGSEND = YES;
				GCC_C_LANGUAGE_STANDARD = gnu99;
				GCC_NO_COMMON_BLOCKS = YES;
				GCC_WARN_64_TO_32_BIT_CONVERSION = YES;
				GCC_WARN_ABOUT_RETURN_TYPE = YES_ERROR;
				GCC_WARN_UNDECLARED_SELECTOR = YES;
				GCC_WARN_UNINITIALIZED_AUTOS = YES_AGGRESSIVE;
				GCC_WARN_UNUSED_FUNCTION = YES;
				GCC_WARN_UNUSED_VARIABLE = YES;
				IPHONEOS_DEPLOYMENT_TARGET = 9.2;
				MTL_ENABLE_DEBUG_INFO = NO;
				SDKROOT = iphoneos;
				TARGETED_DEVICE_FAMILY = "1,2";
				VALIDATE_PRODUCT = YES;
			};
			name = Release;
		};
		CE42A40A1C74167F00E85264 /* Debug */ = {
			isa = XCBuildConfiguration;
			buildSettings = {
				ASSETCATALOG_COMPILER_APPICON_NAME = AppIcon;
				INFOPLIST_FILE = TestTravisCI/Info.plist;
				LD_RUNPATH_SEARCH_PATHS = "$(inherited) @executable_path/Frameworks";
				PRODUCT_BUNDLE_IDENTIFIER = com.FarTeen.TestTravisCI;
				PRODUCT_NAME = "$(TARGET_NAME)";
			};
			name = Debug;
		};
		CE42A40B1C74167F00E85264 /* Release */ = {
			isa = XCBuildConfiguration;
			buildSettings = {
				ASSETCATALOG_COMPILER_APPICON_NAME = AppIcon;
				INFOPLIST_FILE = TestTravisCI/Info.plist;
				LD_RUNPATH_SEARCH_PATHS = "$(inherited) @executable_path/Frameworks";
				PRODUCT_BUNDLE_IDENTIFIER = com.FarTeen.TestTravisCI;
				PRODUCT_NAME = "$(TARGET_NAME)";
			};
			name = Release;
		};
		CE42A40D1C74167F00E85264 /* Debug */ = {
			isa = XCBuildConfiguration;
			buildSettings = {
				BUNDLE_LOADER = "$(TEST_HOST)";
				INFOPLIST_FILE = TestTravisCITests/Info.plist;
				LD_RUNPATH_SEARCH_PATHS = "$(inherited) @executable_path/Frameworks @loader_path/Frameworks";
				PRODUCT_BUNDLE_IDENTIFIER = com.FarTeen.TestTravisCITests;
				PRODUCT_NAME = "$(TARGET_NAME)";
				TEST_HOST = "$(BUILT_PRODUCTS_DIR)/TestTravisCI.app/TestTravisCI";
			};
			name = Debug;
		};
		CE42A40E1C74167F00E85264 /* Release */ = {
			isa = XCBuildConfiguration;
			buildSettings = {
				BUNDLE_LOADER = "$(TEST_HOST)";
				INFOPLIST_FILE = TestTravisCITests/Info.plist;
				LD_RUNPATH_SEARCH_PATHS = "$(inherited) @executable_path/Frameworks @loader_path/Frameworks";
				PRODUCT_BUNDLE_IDENTIFIER = com.FarTeen.TestTravisCITests;
				PRODUCT_NAME = "$(TARGET_NAME)";
				TEST_HOST = "$(BUILT_PRODUCTS_DIR)/TestTravisCI.app/TestTravisCI";
			};
			name = Release;
		};
		CE42A4101C74167F00E85264 /* Debug */ = {
			isa = XCBuildConfiguration;
			buildSettings = {
				INFOPLIST_FILE = TestTravisCIUITests/Info.plist;
				LD_RUNPATH_SEARCH_PATHS = "$(inherited) @executable_path/Frameworks @loader_path/Frameworks";
				PRODUCT_BUNDLE_IDENTIFIER = com.FarTeen.TestTravisCIUITests;
				PRODUCT_NAME = "$(TARGET_NAME)";
				TEST_TARGET_NAME = TestTravisCI;
				USES_XCTRUNNER = YES;
			};
			name = Debug;
		};
		CE42A4111C74167F00E85264 /* Release */ = {
			isa = XCBuildConfiguration;
			buildSettings = {
				INFOPLIST_FILE = TestTravisCIUITests/Info.plist;
				LD_RUNPATH_SEARCH_PATHS = "$(inherited) @executable_path/Frameworks @loader_path/Frameworks";
				PRODUCT_BUNDLE_IDENTIFIER = com.FarTeen.TestTravisCIUITests;
				PRODUCT_NAME = "$(TARGET_NAME)";
				TEST_TARGET_NAME = TestTravisCI;
				USES_XCTRUNNER = YES;
			};
			name = Release;
		};
/* End XCBuildConfiguration section */

/* Begin XCConfigurationList section */
		CE42A3D71C74167E00E85264 /* Build configuration list for PBXProject "TestTravisCI" */ = {
			isa = XCConfigurationList;
			buildConfigurations = (
				CE42A4071C74167F00E85264 /* Debug */,
				CE42A4081C74167F00E85264 /* Release */,
			);
			defaultConfigurationIsVisible = 0;
			defaultConfigurationName = Release;
		};
		CE42A4091C74167F00E85264 /* Build configuration list for PBXNativeTarget "TestTravisCI" */ = {
			isa = XCConfigurationList;
			buildConfigurations = (
				CE42A40A1C74167F00E85264 /* Debug */,
				CE42A40B1C74167F00E85264 /* Release */,
			);
			defaultConfigurationIsVisible = 0;
		};
		CE42A40C1C74167F00E85264 /* Build configuration list for PBXNativeTarget "TestTravisCITests" */ = {
			isa = XCConfigurationList;
			buildConfigurations = (
				CE42A40D1C74167F00E85264 /* Debug */,
				CE42A40E1C74167F00E85264 /* Release */,
			);
			defaultConfigurationIsVisible = 0;
		};
		CE42A40F1C74167F00E85264 /* Build configuration list for PBXNativeTarget "TestTravisCIUITests" */ = {
			isa = XCConfigurationList;
			buildConfigurations = (
				CE42A4101C74167F00E85264 /* Debug */,
				CE42A4111C74167F00E85264 /* Release */,
			);
			defaultConfigurationIsVisible = 0;
		};
/* End XCConfigurationList section */
	};
	rootObject = CE42A3D41C74167E00E85264 /* Project object */;
}
